
Microsoft Visual Studio Solution File, Format Version 12.00
# Visual Studio Version 17
VisualStudioVersion = 17.7.34031.279
MinimumVisualStudioVersion = 10.0.40219.1
Project("{FAE04EC0-301F-11D3-BF4B-00C04F79EFBC}") = "MathCore.TLV", "MathCore.TLV\MathCore.TLV.csproj", "{0234BDB8-E72E-4FA0-A6D0-38A03F6ECDF7}"
EndProject
Global
	GlobalSection(SolutionConfigurationPlatforms) = preSolution
		Debug|Any CPU = Debug|Any CPU
		Release|Any CPU = Release|Any CPU
	EndGlobalSection
	GlobalSection(ProjectConfigurationPlatforms) = postSolution
		{0234BDB8-E72E-4FA0-A6D0-38A03F6ECDF7}.Debug|Any CPU.ActiveCfg = Debug|Any CPU
		{0234BDB8-E72E-4FA0-A6D0-38A03F6ECDF7}.Debug|Any CPU.Build.0 = Debug|Any CPU
		{0234BDB8-E72E-4FA0-A6D0-38A03F6ECDF7}.Release|Any CPU.ActiveCfg = Release|Any CPU
		{0234BDB8-E72E-4FA0-A6D0-38A03F6ECDF7}.Release|Any CPU.Build.0 = Release|Any CPU
	EndGlobalSection
	GlobalSection(SolutionProperties) = preSolution
		HideSolutionNode = FALSE
	EndGlobalSection
	GlobalSection(ExtensibilityGlobals) = postSolution
		SolutionGuid = {1CF674CA-AA3C-43B2-BADB-41020C7A6884}
	EndGlobalSection
EndGlobal
